{
  "nodes": {
    "cometbft-src": {
      "flake": false,
      "locked": {
        "lastModified": 1769180487,
        "narHash": "sha256-ehfFxnUBRCXFrlkpvB0UMmnNPjYEY1T1sTHbjUB+70g=",
        "owner": "cometbft",
        "repo": "cometbft",
        "rev": "c56d64ec53bd72dfd99a5b0f5cb3eaad224a7021",
        "type": "github"
      },
      "original": {
        "owner": "cometbft",
        "ref": "v0.38.21",
        "repo": "cometbft",
        "type": "github"
      }
    },
    "fenix": {
      "inputs": {
        "nixpkgs": [
          "nixpkgs"
        ],
        "rust-analyzer-src": "rust-analyzer-src"
      },
      "locked": {
        "lastModified": 1773213034,
        "narHash": "sha256-XX02kIGvcsVZKiRwr3COkBIZ5s+TP9gfRkW2Oad6hqE=",
        "owner": "nix-community",
        "repo": "fenix",
        "rev": "42f953f569ac5761b197ca51c25cf1f9ceb78448",
        "type": "github"
      },
      "original": {
        "owner": "nix-community",
        "repo": "fenix",
        "type": "github"
      }
    },
    "nixpkgs": {
      "locked": {
        "lastModified": 1773110118,
        "narHash": "sha256-mPAG8phMbCReKSiKAijjjd3v7uVcJOQ75gSjGJjt/Rk=",
        "owner": "NixOS",
        "repo": "nixpkgs",
        "rev": "e607cb5360ff1234862ac9f8839522becb853bb9",
        "type": "github"
      },
      "original": {
        "owner": "NixOS",
        "ref": "nixpkgs-unstable",
        "repo": "nixpkgs",
        "type": "github"
      }
    },
    "root": {
      "inputs": {
        "cometbft-src": "cometbft-src",
        "fenix": "fenix",
        "nixpkgs": "nixpkgs"
      }
    },
    "rust-analyzer-src": {
      "flake": false,
      "locked": {
        "lastModified": 1773182115,
        "narHash": "sha256-m3tXlrz8qG9IXPvhImtLyKUbsSXx46HFbzNFNlbwPno=",
        "owner": "rust-lang",
        "repo": "rust-analyzer",
        "rev": "e0269ce3f2ff14bdf220e7bdf12e80f4431897a1",
        "type": "github"
      },
      "original": {
        "owner": "rust-lang",
        "ref": "nightly",
        "repo": "rust-analyzer",
        "type": "github"
      }
    }
  },
  "root": "root",
  "version": 7
}
